
Microsoft Visual Studio Solution File, Format Version 12.00
# Visual Studio 15
VisualStudioVersion = 15.0.28307.1082
MinimumVisualStudioVersion = 10.0.40219.1
Project("{9A19103F-16F7-4668-BE54-9A1E7A4F7556}") = "uTag", "uTag\uTag.csproj", "{D28F1D9A-4002-4864-B399-009266378FF9}"
EndProject
Project("{FAE04EC0-301F-11D3-BF4B-00C04F79EFBC}") = "Test", "Test\Test.csproj", "{A7776056-4D11-4F00-9380-59658E72684E}"
EndProject
Project("{FAE04EC0-301F-11D3-BF4B-00C04F79EFBC}") = "TestGUI", "TestGUI\TestGUI.csproj", "{FC805DC8-6DFB-43AC-9879-87510A0EB1EA}"
EndProject
Project("{2150E333-8FDC-42A3-9474-1A3956D46DE8}") = "Solution Items", "Solution Items", "{FC9FFCDA-FCBE-49D8-9FCB-4A464AAAB24A}"
	ProjectSection(SolutionItems) = preProject
		README.md = README.md
	EndProjectSection
EndProject
Global
	GlobalSection(SolutionConfigurationPlatforms) = preSolution
		Debug|Any CPU = Debug|Any CPU
		Release|Any CPU = Release|Any CPU
	EndGlobalSection
	GlobalSection(ProjectConfigurationPlatforms) = postSolution
		{D28F1D9A-4002-4864-B399-009266378FF9}.Debug|Any CPU.ActiveCfg = Debug|Any CPU
		{D28F1D9A-4002-4864-B399-009266378FF9}.Debug|Any CPU.Build.0 = Debug|Any CPU
		{D28F1D9A-4002-4864-B399-009266378FF9}.Release|Any CPU.ActiveCfg = Release|Any CPU
		{D28F1D9A-4002-4864-B399-009266378FF9}.Release|Any CPU.Build.0 = Release|Any CPU
		{A7776056-4D11-4F00-9380-59658E72684E}.Debug|Any CPU.ActiveCfg = Debug|Any CPU
		{A7776056-4D11-4F00-9380-59658E72684E}.Debug|Any CPU.Build.0 = Debug|Any CPU
		{A7776056-4D11-4F00-9380-59658E72684E}.Release|Any CPU.ActiveCfg = Release|Any CPU
		{A7776056-4D11-4F00-9380-59658E72684E}.Release|Any CPU.Build.0 = Release|Any CPU
		{FC805DC8-6DFB-43AC-9879-87510A0EB1EA}.Debug|Any CPU.ActiveCfg = Debug|Any CPU
		{FC805DC8-6DFB-43AC-9879-87510A0EB1EA}.Debug|Any CPU.Build.0 = Debug|Any CPU
		{FC805DC8-6DFB-43AC-9879-87510A0EB1EA}.Release|Any CPU.ActiveCfg = Release|Any CPU
		{FC805DC8-6DFB-43AC-9879-87510A0EB1EA}.Release|Any CPU.Build.0 = Release|Any CPU
	EndGlobalSection
	GlobalSection(SolutionProperties) = preSolution
		HideSolutionNode = FALSE
	EndGlobalSection
	GlobalSection(ExtensibilityGlobals) = postSolution
		SolutionGuid = {CBE2C0DC-7E34-439E-B6EF-247DB7892D03}
	EndGlobalSection
EndGlobal
